<Solution>
  <Project Path="Ticket.Api/Ticket.Api.csproj" />
  <Project Path="Ticket.Application/Ticket.Application.csproj" />
  <Project Path="Ticket.Domain/Ticket.Domain.csproj" />
  <Project Path="Ticket.Infrastructure/Ticket.Infrastructure.csproj" />
  <Project Path="Ticket.Worker/Ticket.Worker.csproj" />
</Solution>
